
Microsoft Visual Studio Solution File, Format Version 12.00
# Visual Studio Version 16
VisualStudioVersion = 16.0.30804.86
MinimumVisualStudioVersion = 10.0.40219.1
Project("{8BC9CEB8-8B4A-11D0-8D11-00A0C91BC942}") = "Lab 1 - Ryan Castaneda - 101007837", "Lab 1 - Ryan Castaneda - 101007837\Lab 1 - Ryan Castaneda - 101007837.vcxproj", "{58CB8159-D5C9-4BF9-BD08-DC78B1F8CCAA}"
EndProject
Global
	GlobalSection(SolutionConfigurationPlatforms) = preSolution
		Debug|x64 = Debug|x64
		Debug|x86 = Debug|x86
		Release|x64 = Release|x64
		Release|x86 = Release|x86
	EndGlobalSection
	GlobalSection(ProjectConfigurationPlatforms) = postSolution
		{58CB8159-D5C9-4BF9-BD08-DC78B1F8CCAA}.Debug|x64.ActiveCfg = Debug|x64
		{58CB8159-D5C9-4BF9-BD08-DC78B1F8CCAA}.Debug|x64.Build.0 = Debug|x64
		{58CB8159-D5C9-4BF9-BD08-DC78B1F8CCAA}.Debug|x86.ActiveCfg = Debug|Win32
		{58CB8159-D5C9-4BF9-BD08-DC78B1F8CCAA}.Debug|x86.Build.0 = Debug|Win32
		{58CB8159-D5C9-4BF9-BD08-DC78B1F8CCAA}.Release|x64.ActiveCfg = Release|x64
		{58CB8159-D5C9-4BF9-BD08-DC78B1F8CCAA}.Release|x64.Build.0 = Release|x64
		{58CB8159-D5C9-4BF9-BD08-DC78B1F8CCAA}.Release|x86.ActiveCfg = Release|Win32
		{58CB8159-D5C9-4BF9-BD08-DC78B1F8CCAA}.Release|x86.Build.0 = Release|Win32
	EndGlobalSection
	GlobalSection(SolutionProperties) = preSolution
		HideSolutionNode = FALSE
	EndGlobalSection
	GlobalSection(ExtensibilityGlobals) = postSolution
		SolutionGuid = {FBDE2D9F-A07A-4562-965B-F93D6366F7BF}
	EndGlobalSection
EndGlobal
